
Microsoft Visual Studio Solution File, Format Version 12.00
# Visual Studio Version 16
VisualStudioVersion = 16.0.30611.23
MinimumVisualStudioVersion = 10.0.40219.1
Project("{888888A0-9F3D-457C-B088-3A5042F75D52}") = "IsPalindrome", "PythonApplication1\IsPalindrome.pyproj", "{D92FC8FF-2988-4F85-9AAB-293E87BE9125}"
EndProject
Global
	GlobalSection(SolutionConfigurationPlatforms) = preSolution
		Debug|Any CPU = Debug|Any CPU
		Release|Any CPU = Release|Any CPU
	EndGlobalSection
	GlobalSection(ProjectConfigurationPlatforms) = postSolution
		{D92FC8FF-2988-4F85-9AAB-293E87BE9125}.Debug|Any CPU.ActiveCfg = Debug|Any CPU
		{D92FC8FF-2988-4F85-9AAB-293E87BE9125}.Release|Any CPU.ActiveCfg = Release|Any CPU
	EndGlobalSection
	GlobalSection(SolutionProperties) = preSolution
		HideSolutionNode = FALSE
	EndGlobalSection
	GlobalSection(ExtensibilityGlobals) = postSolution
		SolutionGuid = {D99C4285-8AEF-4666-A0D6-8E5C4FD5F533}
	EndGlobalSection
EndGlobal
